schema: '2.0'
stages:
  data_ingestion:
    cmd: python src/data/data_ingestion.py
    deps:
    - path: src/data/data_ingestion.py
      hash: md5
      md5: f80b8549fb20ac0ddd5c3156011705f4
      size: 3396
    params:
      params.yaml:
        data_ingestion.test_size: 0.3
    outs:
    - path: data/raw
      hash: md5
      md5: 3b1dad6f82632c98b34622e49f608476.dir
      size: 649243
      nfiles: 2
  data_preprocessing:
    cmd: python src/data/data_preprocessing.py
    deps:
    - path: data/raw
      hash: md5
      md5: 3b1dad6f82632c98b34622e49f608476.dir
      size: 649243
      nfiles: 2
    - path: src/data/data_preprocessing.py
      hash: md5
      md5: 75a124764d625e7ff6ceb5ecf4acd44f
      size: 2907
    outs:
    - path: data/interim
      hash: md5
      md5: 4136aee7d8dd0bac648c2d408da12951.dir
      size: 401173
      nfiles: 2
  feature_engineering:
    cmd: python src/features/feature_engineering.py
    deps:
    - path: data/interim
      hash: md5
      md5: 4136aee7d8dd0bac648c2d408da12951.dir
      size: 401173
      nfiles: 2
    - path: src/features/feature_engineering.py
      hash: md5
      md5: cfaf71fa8bd1fae8af5abc3cbbe3387b
      size: 3447
    params:
      params.yaml:
        feature_engineering.max_features: 100
    outs:
    - path: data/processed
      hash: md5
      md5: 23f95bfc41c7e037728eae415a7a8556.dir
      size: 102183
      nfiles: 2
    - path: models/vectorizer.pkl
      hash: md5
      md5: 0b8cbed5bc082dd884dce6f3a8b01b4f
      size: 2821
  model_training:
    cmd: python src/model/model_training.py
    deps:
    - path: data/processed
      hash: md5
      md5: 23f95bfc41c7e037728eae415a7a8556.dir
      size: 102183
      nfiles: 2
    - path: src/model/model_training.py
      hash: md5
      md5: 5262c77711462ba3ee484a3828aa413f
      size: 1859
    outs:
    - path: models/model.pkl
      hash: md5
      md5: e0f5fa8da7b3d1cc8803ceec6c7335cc
      size: 1514
  model_evaluation:
    cmd: python src/model/model_evaluation.py
    deps:
    - path: models/model.pkl
      hash: md5
      md5: 41da101535d321529db7340a7762149b
      size: 1514
    - path: src/model/model_evaluation.py
      hash: md5
      md5: 54943c933c62e3182ba48f46bde13a64
      size: 5541
    outs:
    - path: reports/experiment_info.json
      hash: md5
      md5: d373d63607863617a288db060ca97387
      size: 82
    - path: reports/metrics.json
      hash: md5
      md5: 27ad49a300432f42d583ca1336722ae2
      size: 131
  model_registration:
    cmd: python src/model/register_model.py
    deps:
    - path: reports/experiment_info.json
      hash: md5
      md5: d373d63607863617a288db060ca97387
      size: 82
    - path: src/model/register_model.py
      hash: md5
      md5: b4caa2105d6f368bed24191fe191d421
      size: 3121
